
Microsoft Visual Studio Solution File, Format Version 11.00
# Visual Studio 2010
Project("{FAE04EC0-301F-11D3-BF4B-00C04F79EFBC}") = "FMODUnity", "FMODUnity.csproj", "{f3c0bbc9-b228-5f52-76a6-34cd8cbf0966}"
EndProject
Project("{FAE04EC0-301F-11D3-BF4B-00C04F79EFBC}") = "Assembly-CSharp", "Assembly-CSharp.csproj", "{ff623568-1f03-4706-e522-1a72101529d9}"
EndProject
Project("{FAE04EC0-301F-11D3-BF4B-00C04F79EFBC}") = "Assembly-CSharp-firstpass", "Assembly-CSharp-firstpass.csproj", "{8454750f-9ec6-c56e-4646-b6f1fb9dbc9c}"
EndProject
Project("{FAE04EC0-301F-11D3-BF4B-00C04F79EFBC}") = "FMODUnityResonance", "FMODUnityResonance.csproj", "{ec47c9fb-112e-797c-e159-6b0d74d1a851}"
EndProject
Project("{FAE04EC0-301F-11D3-BF4B-00C04F79EFBC}") = "FMODUnityEditor", "FMODUnityEditor.csproj", "{2ec9b9ac-a128-7882-2507-9f6273af49c5}"
EndProject
Project("{FAE04EC0-301F-11D3-BF4B-00C04F79EFBC}") = "FMODUnityResonanceEditor", "FMODUnityResonanceEditor.csproj", "{2885d15a-fb45-0e3b-ca9b-01189062e3a7}"
EndProject
Global
	GlobalSection(SolutionConfigurationPlatforms) = preSolution
		Debug|Any CPU = Debug|Any CPU
	EndGlobalSection
	GlobalSection(ProjectConfigurationPlatforms) = postSolution
		{f3c0bbc9-b228-5f52-76a6-34cd8cbf0966}.Debug|Any CPU.ActiveCfg = Debug|Any CPU
		{f3c0bbc9-b228-5f52-76a6-34cd8cbf0966}.Debug|Any CPU.Build.0 = Debug|Any CPU
		{ff623568-1f03-4706-e522-1a72101529d9}.Debug|Any CPU.ActiveCfg = Debug|Any CPU
		{ff623568-1f03-4706-e522-1a72101529d9}.Debug|Any CPU.Build.0 = Debug|Any CPU
		{8454750f-9ec6-c56e-4646-b6f1fb9dbc9c}.Debug|Any CPU.ActiveCfg = Debug|Any CPU
		{8454750f-9ec6-c56e-4646-b6f1fb9dbc9c}.Debug|Any CPU.Build.0 = Debug|Any CPU
		{ec47c9fb-112e-797c-e159-6b0d74d1a851}.Debug|Any CPU.ActiveCfg = Debug|Any CPU
		{ec47c9fb-112e-797c-e159-6b0d74d1a851}.Debug|Any CPU.Build.0 = Debug|Any CPU
		{2ec9b9ac-a128-7882-2507-9f6273af49c5}.Debug|Any CPU.ActiveCfg = Debug|Any CPU
		{2ec9b9ac-a128-7882-2507-9f6273af49c5}.Debug|Any CPU.Build.0 = Debug|Any CPU
		{2885d15a-fb45-0e3b-ca9b-01189062e3a7}.Debug|Any CPU.ActiveCfg = Debug|Any CPU
		{2885d15a-fb45-0e3b-ca9b-01189062e3a7}.Debug|Any CPU.Build.0 = Debug|Any CPU
	EndGlobalSection
	GlobalSection(SolutionProperties) = preSolution
		HideSolutionNode = FALSE
	EndGlobalSection
EndGlobal
